
Microsoft Visual Studio Solution File, Format Version 12.00
# Visual Studio Version 16
VisualStudioVersion = 16.0.28803.156
MinimumVisualStudioVersion = 10.0.40219.1
Project("{FAE04EC0-301F-11D3-BF4B-00C04F79EFBC}") = "NullableReferenceTypes", "NullableReferenceTypes\NullableReferenceTypes.csproj", "{89B88340-61B9-4FE6-9012-CECE896538F5}"
EndProject
Global
	GlobalSection(SolutionConfigurationPlatforms) = preSolution
		Debug|Any CPU = Debug|Any CPU
		Release|Any CPU = Release|Any CPU
	EndGlobalSection
	GlobalSection(ProjectConfigurationPlatforms) = postSolution
		{89B88340-61B9-4FE6-9012-CECE896538F5}.Debug|Any CPU.ActiveCfg = Debug|Any CPU
		{89B88340-61B9-4FE6-9012-CECE896538F5}.Debug|Any CPU.Build.0 = Debug|Any CPU
		{89B88340-61B9-4FE6-9012-CECE896538F5}.Release|Any CPU.ActiveCfg = Release|Any CPU
		{89B88340-61B9-4FE6-9012-CECE896538F5}.Release|Any CPU.Build.0 = Release|Any CPU
	EndGlobalSection
	GlobalSection(SolutionProperties) = preSolution
		HideSolutionNode = FALSE
	EndGlobalSection
	GlobalSection(ExtensibilityGlobals) = postSolution
		SolutionGuid = {BABE8582-742E-434A-BDD6-2F41ADC04D83}
	EndGlobalSection
EndGlobal
